
Microsoft Visual Studio Solution File, Format Version 12.00
# Visual Studio 15
VisualStudioVersion = 15.0.27703.2035
MinimumVisualStudioVersion = 10.0.40219.1
Project("{FAE04EC0-301F-11D3-BF4B-00C04F79EFBC}") = "WHLDWebApi", "WHLDWebApi\WHLDWebApi.csproj", "{2836F04A-23DD-46EB-96C2-53717D97E3DF}"
EndProject
Global
	GlobalSection(SolutionConfigurationPlatforms) = preSolution
		Debug|Any CPU = Debug|Any CPU
		Release|Any CPU = Release|Any CPU
	EndGlobalSection
	GlobalSection(ProjectConfigurationPlatforms) = postSolution
		{2836F04A-23DD-46EB-96C2-53717D97E3DF}.Debug|Any CPU.ActiveCfg = Debug|Any CPU
		{2836F04A-23DD-46EB-96C2-53717D97E3DF}.Debug|Any CPU.Build.0 = Debug|Any CPU
		{2836F04A-23DD-46EB-96C2-53717D97E3DF}.Release|Any CPU.ActiveCfg = Release|Any CPU
		{2836F04A-23DD-46EB-96C2-53717D97E3DF}.Release|Any CPU.Build.0 = Release|Any CPU
	EndGlobalSection
	GlobalSection(SolutionProperties) = preSolution
		HideSolutionNode = FALSE
	EndGlobalSection
	GlobalSection(ExtensibilityGlobals) = postSolution
		SolutionGuid = {C1E7AC95-5894-4B71-8D0B-954E8A45726E}
	EndGlobalSection
EndGlobal
